
Microsoft Visual Studio Solution File, Format Version 12.00
# Visual Studio 15
VisualStudioVersion = 15.0.27130.2036
MinimumVisualStudioVersion = 10.0.40219.1
Project("{FAE04EC0-301F-11D3-BF4B-00C04F79EFBC}") = "DM_Forwarder", "DM_Forwarder\DM_Forwarder.csproj", "{FE6A952A-1C12-46EA-926E-ECF8D13D4089}"
EndProject
Global
	GlobalSection(SolutionConfigurationPlatforms) = preSolution
		Debug|Any CPU = Debug|Any CPU
		Release|Any CPU = Release|Any CPU
	EndGlobalSection
	GlobalSection(ProjectConfigurationPlatforms) = postSolution
		{FE6A952A-1C12-46EA-926E-ECF8D13D4089}.Debug|Any CPU.ActiveCfg = Debug|Any CPU
		{FE6A952A-1C12-46EA-926E-ECF8D13D4089}.Debug|Any CPU.Build.0 = Debug|Any CPU
		{FE6A952A-1C12-46EA-926E-ECF8D13D4089}.Release|Any CPU.ActiveCfg = Release|Any CPU
		{FE6A952A-1C12-46EA-926E-ECF8D13D4089}.Release|Any CPU.Build.0 = Release|Any CPU
	EndGlobalSection
	GlobalSection(SolutionProperties) = preSolution
		HideSolutionNode = FALSE
	EndGlobalSection
	GlobalSection(ExtensibilityGlobals) = postSolution
		SolutionGuid = {D4A374FE-102B-4592-A88F-8D99A97245BA}
	EndGlobalSection
EndGlobal
